
Microsoft Visual Studio Solution File, Format Version 12.00
# Visual Studio 15
VisualStudioVersion = 15.0.26403.7
MinimumVisualStudioVersion = 10.0.40219.1
Project("{FAE04EC0-301F-11D3-BF4B-00C04F79EFBC}") = "Microsoft Toolkit", "Microsoft Toolkit\Microsoft Toolkit.csproj", "{EC4FB0AB-9C5C-4259-95E8-58D233B1CEBF}"
EndProject
Project("{FAE04EC0-301F-11D3-BF4B-00C04F79EFBC}") = "AutoKMS", "AutoKMS\AutoKMS.csproj", "{26394726-54D4-488F-AEA9-E25726A0089C}"
EndProject
Project("{FAE04EC0-301F-11D3-BF4B-00C04F79EFBC}") = "AutoRearm", "AutoRearm\AutoRearm.csproj", "{999BD28B-8AA7-4A25-89F3-295B24BF1B10}"
EndProject
Project("{FAE04EC0-301F-11D3-BF4B-00C04F79EFBC}") = "Activation", "Activation\Activation.csproj", "{E6858272-F0CF-42FA-A9E9-41D53441ECB1}"
EndProject
Project("{FAE04EC0-301F-11D3-BF4B-00C04F79EFBC}") = "AutoRearm Installer", "AutoRearm Installer\AutoRearm Installer.csproj", "{58E4F9E3-CAFE-4E6E-A761-E6752EDDE92F}"
EndProject
Project("{FAE04EC0-301F-11D3-BF4B-00C04F79EFBC}") = "AutoKMS Installer", "AutoKMS Installer\AutoKMS Installer.csproj", "{0955566B-83F7-4C1B-BE36-9ECF23359324}"
EndProject
Project("{FAE04EC0-301F-11D3-BF4B-00C04F79EFBC}") = "Backup", "Backup\Backup.csproj", "{6E31F6E9-6952-4D8A-A1AD-0AA53A966871}"
EndProject
Project("{FAE04EC0-301F-11D3-BF4B-00C04F79EFBC}") = "Common", "Common\Common.csproj", "{D63FEFCC-43EE-4F21-96C0-23B615EE2CCF}"
EndProject
Project("{FAE04EC0-301F-11D3-BF4B-00C04F79EFBC}") = "Keys", "Keys\Keys.csproj", "{2F5B4FB3-D11D-4CCB-AEBC-94D0CC101D3D}"
EndProject
Project("{FAE04EC0-301F-11D3-BF4B-00C04F79EFBC}") = "License", "License\License.csproj", "{1493F1E2-1515-4810-8A5C-26D45327FD29}"
EndProject
Project("{FAE04EC0-301F-11D3-BF4B-00C04F79EFBC}") = "Product Detection", "Product Detection\Product Detection.csproj", "{7418FB38-DD10-4B8D-8509-CF974494D200}"
EndProject
Project("{FAE04EC0-301F-11D3-BF4B-00C04F79EFBC}") = "Office Uninstaller", "Office Uninstaller\Office Uninstaller.csproj", "{E6796DD3-4C96-473C-8AEA-F7675682454C}"
EndProject
Project("{FAE04EC0-301F-11D3-BF4B-00C04F79EFBC}") = "Office Installer", "Office Installer\Office Installer.csproj", "{979F5462-9E76-4978-B4CA-C53D1B920762}"
EndProject
Project("{FAE04EC0-301F-11D3-BF4B-00C04F79EFBC}") = "KMS Server Service Installer", "KMS Server Service Installer\KMS Server Service Installer.csproj", "{EC1A2069-AD9B-459A-83DB-5FF73667D0DE}"
EndProject
Project("{FAE04EC0-301F-11D3-BF4B-00C04F79EFBC}") = "Configuration", "Configuration\Configuration.csproj", "{0F97C96B-F957-4B2F-8F2B-87C7E8AACE5D}"
EndProject
Project("{FAE04EC0-301F-11D3-BF4B-00C04F79EFBC}") = "KMSEmulator", "KMSEmulator\KMSEmulator.csproj", "{B50F7908-9CF4-47CA-8D27-AAB960DAF5F4}"
EndProject
Project("{FAE04EC0-301F-11D3-BF4B-00C04F79EFBC}") = "WinDivert Loader", "WinDivert Loader\WinDivert Loader.csproj", "{1790C901-C7FF-413E-A29F-ACF61393A271}"
EndProject
Project("{FAE04EC0-301F-11D3-BF4B-00C04F79EFBC}") = "Reset Rearms", "Reset Rearms\Reset Rearms.csproj", "{901FD1FE-D12C-42AE-B5C6-E2744FDBF764}"
EndProject
Project("{FAE04EC0-301F-11D3-BF4B-00C04F79EFBC}") = "TAP Installer", "TAP Installer\TAP Installer.csproj", "{5CDB46FF-0D4A-40D2-B316-8A3C7F116285}"
EndProject
Global
	GlobalSection(SolutionConfigurationPlatforms) = preSolution
		Debug|Any CPU = Debug|Any CPU
		Debug|x64 = Debug|x64
		Debug|x86 = Debug|x86
		Release|Any CPU = Release|Any CPU
		Release|x64 = Release|x64
		Release|x86 = Release|x86
	EndGlobalSection
	GlobalSection(ProjectConfigurationPlatforms) = postSolution
		{EC4FB0AB-9C5C-4259-95E8-58D233B1CEBF}.Debug|Any CPU.ActiveCfg = Debug|Any CPU
		{EC4FB0AB-9C5C-4259-95E8-58D233B1CEBF}.Debug|Any CPU.Build.0 = Debug|Any CPU
		{EC4FB0AB-9C5C-4259-95E8-58D233B1CEBF}.Debug|x64.ActiveCfg = Debug|Any CPU
		{EC4FB0AB-9C5C-4259-95E8-58D233B1CEBF}.Debug|x86.ActiveCfg = Debug|x86
		{EC4FB0AB-9C5C-4259-95E8-58D233B1CEBF}.Debug|x86.Build.0 = Debug|x86
		{EC4FB0AB-9C5C-4259-95E8-58D233B1CEBF}.Release|Any CPU.ActiveCfg = Release|Any CPU
		{EC4FB0AB-9C5C-4259-95E8-58D233B1CEBF}.Release|Any CPU.Build.0 = Release|Any CPU
		{EC4FB0AB-9C5C-4259-95E8-58D233B1CEBF}.Release|x64.ActiveCfg = Release|Any CPU
		{EC4FB0AB-9C5C-4259-95E8-58D233B1CEBF}.Release|x86.ActiveCfg = Release|x86
		{EC4FB0AB-9C5C-4259-95E8-58D233B1CEBF}.Release|x86.Build.0 = Release|x86
		{26394726-54D4-488F-AEA9-E25726A0089C}.Debug|Any CPU.ActiveCfg = Debug|Any CPU
		{26394726-54D4-488F-AEA9-E25726A0089C}.Debug|Any CPU.Build.0 = Debug|Any CPU
		{26394726-54D4-488F-AEA9-E25726A0089C}.Debug|x64.ActiveCfg = Debug|Any CPU
		{26394726-54D4-488F-AEA9-E25726A0089C}.Debug|x86.ActiveCfg = Debug|x86
		{26394726-54D4-488F-AEA9-E25726A0089C}.Debug|x86.Build.0 = Debug|x86
		{26394726-54D4-488F-AEA9-E25726A0089C}.Release|Any CPU.ActiveCfg = Release|Any CPU
		{26394726-54D4-488F-AEA9-E25726A0089C}.Release|Any CPU.Build.0 = Release|Any CPU
		{26394726-54D4-488F-AEA9-E25726A0089C}.Release|x64.ActiveCfg = Release|Any CPU
		{26394726-54D4-488F-AEA9-E25726A0089C}.Release|x86.ActiveCfg = Release|x86
		{26394726-54D4-488F-AEA9-E25726A0089C}.Release|x86.Build.0 = Release|x86
		{999BD28B-8AA7-4A25-89F3-295B24BF1B10}.Debug|Any CPU.ActiveCfg = Debug|Any CPU
		{999BD28B-8AA7-4A25-89F3-295B24BF1B10}.Debug|Any CPU.Build.0 = Debug|Any CPU
		{999BD28B-8AA7-4A25-89F3-295B24BF1B10}.Debug|x64.ActiveCfg = Debug|Any CPU
		{999BD28B-8AA7-4A25-89F3-295B24BF1B10}.Debug|x86.ActiveCfg = Debug|x86
		{999BD28B-8AA7-4A25-89F3-295B24BF1B10}.Debug|x86.Build.0 = Debug|x86
		{999BD28B-8AA7-4A25-89F3-295B24BF1B10}.Release|Any CPU.ActiveCfg = Release|Any CPU
		{999BD28B-8AA7-4A25-89F3-295B24BF1B10}.Release|Any CPU.Build.0 = Release|Any CPU
		{999BD28B-8AA7-4A25-89F3-295B24BF1B10}.Release|x64.ActiveCfg = Release|Any CPU
		{999BD28B-8AA7-4A25-89F3-295B24BF1B10}.Release|x86.ActiveCfg = Release|x86
		{999BD28B-8AA7-4A25-89F3-295B24BF1B10}.Release|x86.Build.0 = Release|x86
		{E6858272-F0CF-42FA-A9E9-41D53441ECB1}.Debug|Any CPU.ActiveCfg = Debug|Any CPU
		{E6858272-F0CF-42FA-A9E9-41D53441ECB1}.Debug|Any CPU.Build.0 = Debug|Any CPU
		{E6858272-F0CF-42FA-A9E9-41D53441ECB1}.Debug|x64.ActiveCfg = Debug|Any CPU
		{E6858272-F0CF-42FA-A9E9-41D53441ECB1}.Debug|x86.ActiveCfg = Debug|x86
		{E6858272-F0CF-42FA-A9E9-41D53441ECB1}.Debug|x86.Build.0 = Debug|x86
		{E6858272-F0CF-42FA-A9E9-41D53441ECB1}.Release|Any CPU.ActiveCfg = Release|Any CPU
		{E6858272-F0CF-42FA-A9E9-41D53441ECB1}.Release|Any CPU.Build.0 = Release|Any CPU
		{E6858272-F0CF-42FA-A9E9-41D53441ECB1}.Release|x64.ActiveCfg = Release|Any CPU
		{E6858272-F0CF-42FA-A9E9-41D53441ECB1}.Release|x86.ActiveCfg = Release|x86
		{E6858272-F0CF-42FA-A9E9-41D53441ECB1}.Release|x86.Build.0 = Release|x86
		{58E4F9E3-CAFE-4E6E-A761-E6752EDDE92F}.Debug|Any CPU.ActiveCfg = Debug|Any CPU
		{58E4F9E3-CAFE-4E6E-A761-E6752EDDE92F}.Debug|Any CPU.Build.0 = Debug|Any CPU
		{58E4F9E3-CAFE-4E6E-A761-E6752EDDE92F}.Debug|x64.ActiveCfg = Debug|Any CPU
		{58E4F9E3-CAFE-4E6E-A761-E6752EDDE92F}.Debug|x86.ActiveCfg = Debug|x86
		{58E4F9E3-CAFE-4E6E-A761-E6752EDDE92F}.Debug|x86.Build.0 = Debug|x86
		{58E4F9E3-CAFE-4E6E-A761-E6752EDDE92F}.Release|Any CPU.ActiveCfg = Release|Any CPU
		{58E4F9E3-CAFE-4E6E-A761-E6752EDDE92F}.Release|Any CPU.Build.0 = Release|Any CPU
		{58E4F9E3-CAFE-4E6E-A761-E6752EDDE92F}.Release|x64.ActiveCfg = Release|Any CPU
		{58E4F9E3-CAFE-4E6E-A761-E6752EDDE92F}.Release|x86.ActiveCfg = Release|x86
		{58E4F9E3-CAFE-4E6E-A761-E6752EDDE92F}.Release|x86.Build.0 = Release|x86
		{0955566B-83F7-4C1B-BE36-9ECF23359324}.Debug|Any CPU.ActiveCfg = Debug|Any CPU
		{0955566B-83F7-4C1B-BE36-9ECF23359324}.Debug|Any CPU.Build.0 = Debug|Any CPU
		{0955566B-83F7-4C1B-BE36-9ECF23359324}.Debug|x64.ActiveCfg = Debug|Any CPU
		{0955566B-83F7-4C1B-BE36-9ECF23359324}.Debug|x86.ActiveCfg = Debug|x86
		{0955566B-83F7-4C1B-BE36-9ECF23359324}.Debug|x86.Build.0 = Debug|x86
		{0955566B-83F7-4C1B-BE36-9ECF23359324}.Release|Any CPU.ActiveCfg = Release|Any CPU
		{0955566B-83F7-4C1B-BE36-9ECF23359324}.Release|Any CPU.Build.0 = Release|Any CPU
		{0955566B-83F7-4C1B-BE36-9ECF23359324}.Release|x64.ActiveCfg = Release|Any CPU
		{0955566B-83F7-4C1B-BE36-9ECF23359324}.Release|x86.ActiveCfg = Release|x86
		{0955566B-83F7-4C1B-BE36-9ECF23359324}.Release|x86.Build.0 = Release|x86
		{6E31F6E9-6952-4D8A-A1AD-0AA53A966871}.Debug|Any CPU.ActiveCfg = Debug|Any CPU
		{6E31F6E9-6952-4D8A-A1AD-0AA53A966871}.Debug|Any CPU.Build.0 = Debug|Any CPU
		{6E31F6E9-6952-4D8A-A1AD-0AA53A966871}.Debug|x64.ActiveCfg = Debug|Any CPU
		{6E31F6E9-6952-4D8A-A1AD-0AA53A966871}.Debug|x86.ActiveCfg = Debug|x86
		{6E31F6E9-6952-4D8A-A1AD-0AA53A966871}.Debug|x86.Build.0 = Debug|x86
		{6E31F6E9-6952-4D8A-A1AD-0AA53A966871}.Release|Any CPU.ActiveCfg = Release|Any CPU
		{6E31F6E9-6952-4D8A-A1AD-0AA53A966871}.Release|Any CPU.Build.0 = Release|Any CPU
		{6E31F6E9-6952-4D8A-A1AD-0AA53A966871}.Release|x64.ActiveCfg = Release|Any CPU
		{6E31F6E9-6952-4D8A-A1AD-0AA53A966871}.Release|x86.ActiveCfg = Release|x86
		{6E31F6E9-6952-4D8A-A1AD-0AA53A966871}.Release|x86.Build.0 = Release|x86
		{D63FEFCC-43EE-4F21-96C0-23B615EE2CCF}.Debug|Any CPU.ActiveCfg = Debug|Any CPU
		{D63FEFCC-43EE-4F21-96C0-23B615EE2CCF}.Debug|Any CPU.Build.0 = Debug|Any CPU
		{D63FEFCC-43EE-4F21-96C0-23B615EE2CCF}.Debug|x64.ActiveCfg = Debug|Any CPU
		{D63FEFCC-43EE-4F21-96C0-23B615EE2CCF}.Debug|x86.ActiveCfg = Debug|x86
		{D63FEFCC-43EE-4F21-96C0-23B615EE2CCF}.Debug|x86.Build.0 = Debug|x86
		{D63FEFCC-43EE-4F21-96C0-23B615EE2CCF}.Release|Any CPU.ActiveCfg = Release|Any CPU
		{D63FEFCC-43EE-4F21-96C0-23B615EE2CCF}.Release|Any CPU.Build.0 = Release|Any CPU
		{D63FEFCC-43EE-4F21-96C0-23B615EE2CCF}.Release|x64.ActiveCfg = Release|Any CPU
		{D63FEFCC-43EE-4F21-96C0-23B615EE2CCF}.Release|x86.ActiveCfg = Release|x86
		{D63FEFCC-43EE-4F21-96C0-23B615EE2CCF}.Release|x86.Build.0 = Release|x86
		{2F5B4FB3-D11D-4CCB-AEBC-94D0CC101D3D}.Debug|Any CPU.ActiveCfg = Debug|Any CPU
		{2F5B4FB3-D11D-4CCB-AEBC-94D0CC101D3D}.Debug|Any CPU.Build.0 = Debug|Any CPU
		{2F5B4FB3-D11D-4CCB-AEBC-94D0CC101D3D}.Debug|x64.ActiveCfg = Debug|Any CPU
		{2F5B4FB3-D11D-4CCB-AEBC-94D0CC101D3D}.Debug|x86.ActiveCfg = Debug|x86
		{2F5B4FB3-D11D-4CCB-AEBC-94D0CC101D3D}.Debug|x86.Build.0 = Debug|x86
		{2F5B4FB3-D11D-4CCB-AEBC-94D0CC101D3D}.Release|Any CPU.ActiveCfg = Release|Any CPU
		{2F5B4FB3-D11D-4CCB-AEBC-94D0CC101D3D}.Release|Any CPU.Build.0 = Release|Any CPU
		{2F5B4FB3-D11D-4CCB-AEBC-94D0CC101D3D}.Release|x64.ActiveCfg = Release|Any CPU
		{2F5B4FB3-D11D-4CCB-AEBC-94D0CC101D3D}.Release|x86.ActiveCfg = Release|x86
		{2F5B4FB3-D11D-4CCB-AEBC-94D0CC101D3D}.Release|x86.Build.0 = Release|x86
		{1493F1E2-1515-4810-8A5C-26D45327FD29}.Debug|Any CPU.ActiveCfg = Debug|Any CPU
		{1493F1E2-1515-4810-8A5C-26D45327FD29}.Debug|Any CPU.Build.0 = Debug|Any CPU
		{1493F1E2-1515-4810-8A5C-26D45327FD29}.Debug|x64.ActiveCfg = Debug|Any CPU
		{1493F1E2-1515-4810-8A5C-26D45327FD29}.Debug|x86.ActiveCfg = Debug|x86
		{1493F1E2-1515-4810-8A5C-26D45327FD29}.Debug|x86.Build.0 = Debug|x86
		{1493F1E2-1515-4810-8A5C-26D45327FD29}.Release|Any CPU.ActiveCfg = Release|Any CPU
		{1493F1E2-1515-4810-8A5C-26D45327FD29}.Release|Any CPU.Build.0 = Release|Any CPU
		{1493F1E2-1515-4810-8A5C-26D45327FD29}.Release|x64.ActiveCfg = Release|Any CPU
		{1493F1E2-1515-4810-8A5C-26D45327FD29}.Release|x86.ActiveCfg = Release|x86
		{1493F1E2-1515-4810-8A5C-26D45327FD29}.Release|x86.Build.0 = Release|x86
		{7418FB38-DD10-4B8D-8509-CF974494D200}.Debug|Any CPU.ActiveCfg = Debug|Any CPU
		{7418FB38-DD10-4B8D-8509-CF974494D200}.Debug|Any CPU.Build.0 = Debug|Any CPU
		{7418FB38-DD10-4B8D-8509-CF974494D200}.Debug|x64.ActiveCfg = Debug|Any CPU
		{7418FB38-DD10-4B8D-8509-CF974494D200}.Debug|x86.ActiveCfg = Debug|x86
		{7418FB38-DD10-4B8D-8509-CF974494D200}.Debug|x86.Build.0 = Debug|x86
		{7418FB38-DD10-4B8D-8509-CF974494D200}.Release|Any CPU.ActiveCfg = Release|Any CPU
		{7418FB38-DD10-4B8D-8509-CF974494D200}.Release|Any CPU.Build.0 = Release|Any CPU
		{7418FB38-DD10-4B8D-8509-CF974494D200}.Release|x64.ActiveCfg = Release|Any CPU
		{7418FB38-DD10-4B8D-8509-CF974494D200}.Release|x86.ActiveCfg = Release|x86
		{7418FB38-DD10-4B8D-8509-CF974494D200}.Release|x86.Build.0 = Release|x86
		{E6796DD3-4C96-473C-8AEA-F7675682454C}.Debug|Any CPU.ActiveCfg = Debug|Any CPU
		{E6796DD3-4C96-473C-8AEA-F7675682454C}.Debug|Any CPU.Build.0 = Debug|Any CPU
		{E6796DD3-4C96-473C-8AEA-F7675682454C}.Debug|x64.ActiveCfg = Debug|Any CPU
		{E6796DD3-4C96-473C-8AEA-F7675682454C}.Debug|x86.ActiveCfg = Debug|x86
		{E6796DD3-4C96-473C-8AEA-F7675682454C}.Debug|x86.Build.0 = Debug|x86
		{E6796DD3-4C96-473C-8AEA-F7675682454C}.Release|Any CPU.ActiveCfg = Release|Any CPU
		{E6796DD3-4C96-473C-8AEA-F7675682454C}.Release|Any CPU.Build.0 = Release|Any CPU
		{E6796DD3-4C96-473C-8AEA-F7675682454C}.Release|x64.ActiveCfg = Release|Any CPU
		{E6796DD3-4C96-473C-8AEA-F7675682454C}.Release|x86.ActiveCfg = Release|x86
		{E6796DD3-4C96-473C-8AEA-F7675682454C}.Release|x86.Build.0 = Release|x86
		{979F5462-9E76-4978-B4CA-C53D1B920762}.Debug|Any CPU.ActiveCfg = Debug|Any CPU
		{979F5462-9E76-4978-B4CA-C53D1B920762}.Debug|Any CPU.Build.0 = Debug|Any CPU
		{979F5462-9E76-4978-B4CA-C53D1B920762}.Debug|x64.ActiveCfg = Debug|Any CPU
		{979F5462-9E76-4978-B4CA-C53D1B920762}.Debug|x86.ActiveCfg = Debug|x86
		{979F5462-9E76-4978-B4CA-C53D1B920762}.Debug|x86.Build.0 = Debug|x86
		{979F5462-9E76-4978-B4CA-C53D1B920762}.Release|Any CPU.ActiveCfg = Release|Any CPU
		{979F5462-9E76-4978-B4CA-C53D1B920762}.Release|Any CPU.Build.0 = Release|Any CPU
		{979F5462-9E76-4978-B4CA-C53D1B920762}.Release|x64.ActiveCfg = Release|Any CPU
		{979F5462-9E76-4978-B4CA-C53D1B920762}.Release|x86.ActiveCfg = Release|x86
		{979F5462-9E76-4978-B4CA-C53D1B920762}.Release|x86.Build.0 = Release|x86
		{EC1A2069-AD9B-459A-83DB-5FF73667D0DE}.Debug|Any CPU.ActiveCfg = Debug|Any CPU
		{EC1A2069-AD9B-459A-83DB-5FF73667D0DE}.Debug|Any CPU.Build.0 = Debug|Any CPU
		{EC1A2069-AD9B-459A-83DB-5FF73667D0DE}.Debug|x64.ActiveCfg = Debug|Any CPU
		{EC1A2069-AD9B-459A-83DB-5FF73667D0DE}.Debug|x86.ActiveCfg = Debug|x86
		{EC1A2069-AD9B-459A-83DB-5FF73667D0DE}.Debug|x86.Build.0 = Debug|x86
		{EC1A2069-AD9B-459A-83DB-5FF73667D0DE}.Release|Any CPU.ActiveCfg = Release|Any CPU
		{EC1A2069-AD9B-459A-83DB-5FF73667D0DE}.Release|Any CPU.Build.0 = Release|Any CPU
		{EC1A2069-AD9B-459A-83DB-5FF73667D0DE}.Release|x64.ActiveCfg = Release|Any CPU
		{EC1A2069-AD9B-459A-83DB-5FF73667D0DE}.Release|x86.ActiveCfg = Release|x86
		{EC1A2069-AD9B-459A-83DB-5FF73667D0DE}.Release|x86.Build.0 = Release|x86
		{0F97C96B-F957-4B2F-8F2B-87C7E8AACE5D}.Debug|Any CPU.ActiveCfg = Debug|Any CPU
		{0F97C96B-F957-4B2F-8F2B-87C7E8AACE5D}.Debug|Any CPU.Build.0 = Debug|Any CPU
		{0F97C96B-F957-4B2F-8F2B-87C7E8AACE5D}.Debug|x64.ActiveCfg = Debug|Any CPU
		{0F97C96B-F957-4B2F-8F2B-87C7E8AACE5D}.Debug|x86.ActiveCfg = Debug|x86
		{0F97C96B-F957-4B2F-8F2B-87C7E8AACE5D}.Debug|x86.Build.0 = Debug|x86
		{0F97C96B-F957-4B2F-8F2B-87C7E8AACE5D}.Release|Any CPU.ActiveCfg = Release|Any CPU
		{0F97C96B-F957-4B2F-8F2B-87C7E8AACE5D}.Release|Any CPU.Build.0 = Release|Any CPU
		{0F97C96B-F957-4B2F-8F2B-87C7E8AACE5D}.Release|x64.ActiveCfg = Release|Any CPU
		{0F97C96B-F957-4B2F-8F2B-87C7E8AACE5D}.Release|x86.ActiveCfg = Release|x86
		{0F97C96B-F957-4B2F-8F2B-87C7E8AACE5D}.Release|x86.Build.0 = Release|x86
		{B50F7908-9CF4-47CA-8D27-AAB960DAF5F4}.Debug|Any CPU.ActiveCfg = Debug|Any CPU
		{B50F7908-9CF4-47CA-8D27-AAB960DAF5F4}.Debug|Any CPU.Build.0 = Debug|Any CPU
		{B50F7908-9CF4-47CA-8D27-AAB960DAF5F4}.Debug|x64.ActiveCfg = Debug|Any CPU
		{B50F7908-9CF4-47CA-8D27-AAB960DAF5F4}.Debug|x86.ActiveCfg = Debug|Any CPU
		{B50F7908-9CF4-47CA-8D27-AAB960DAF5F4}.Release|Any CPU.ActiveCfg = Release|Any CPU
		{B50F7908-9CF4-47CA-8D27-AAB960DAF5F4}.Release|Any CPU.Build.0 = Release|Any CPU
		{B50F7908-9CF4-47CA-8D27-AAB960DAF5F4}.Release|x64.ActiveCfg = Release|Any CPU
		{B50F7908-9CF4-47CA-8D27-AAB960DAF5F4}.Release|x86.ActiveCfg = Release|Any CPU
		{1790C901-C7FF-413E-A29F-ACF61393A271}.Debug|Any CPU.ActiveCfg = Debug|Any CPU
		{1790C901-C7FF-413E-A29F-ACF61393A271}.Debug|Any CPU.Build.0 = Debug|Any CPU
		{1790C901-C7FF-413E-A29F-ACF61393A271}.Debug|x64.ActiveCfg = Debug|Any CPU
		{1790C901-C7FF-413E-A29F-ACF61393A271}.Debug|x86.ActiveCfg = Debug|Any CPU
		{1790C901-C7FF-413E-A29F-ACF61393A271}.Release|Any CPU.ActiveCfg = Release|Any CPU
		{1790C901-C7FF-413E-A29F-ACF61393A271}.Release|Any CPU.Build.0 = Release|Any CPU
		{1790C901-C7FF-413E-A29F-ACF61393A271}.Release|x64.ActiveCfg = Release|Any CPU
		{1790C901-C7FF-413E-A29F-ACF61393A271}.Release|x86.ActiveCfg = Release|Any CPU
		{901FD1FE-D12C-42AE-B5C6-E2744FDBF764}.Debug|Any CPU.ActiveCfg = Debug|Any CPU
		{901FD1FE-D12C-42AE-B5C6-E2744FDBF764}.Debug|Any CPU.Build.0 = Debug|Any CPU
		{901FD1FE-D12C-42AE-B5C6-E2744FDBF764}.Debug|x64.ActiveCfg = Debug|Any CPU
		{901FD1FE-D12C-42AE-B5C6-E2744FDBF764}.Debug|x86.ActiveCfg = Debug|Any CPU
		{901FD1FE-D12C-42AE-B5C6-E2744FDBF764}.Release|Any CPU.ActiveCfg = Release|Any CPU
		{901FD1FE-D12C-42AE-B5C6-E2744FDBF764}.Release|Any CPU.Build.0 = Release|Any CPU
		{901FD1FE-D12C-42AE-B5C6-E2744FDBF764}.Release|x64.ActiveCfg = Release|Any CPU
		{901FD1FE-D12C-42AE-B5C6-E2744FDBF764}.Release|x86.ActiveCfg = Release|Any CPU
		{5CDB46FF-0D4A-40D2-B316-8A3C7F116285}.Debug|Any CPU.ActiveCfg = Debug|Any CPU
		{5CDB46FF-0D4A-40D2-B316-8A3C7F116285}.Debug|Any CPU.Build.0 = Debug|Any CPU
		{5CDB46FF-0D4A-40D2-B316-8A3C7F116285}.Debug|x64.ActiveCfg = Debug|Any CPU
		{5CDB46FF-0D4A-40D2-B316-8A3C7F116285}.Debug|x64.Build.0 = Debug|Any CPU
		{5CDB46FF-0D4A-40D2-B316-8A3C7F116285}.Debug|x86.ActiveCfg = Debug|Any CPU
		{5CDB46FF-0D4A-40D2-B316-8A3C7F116285}.Debug|x86.Build.0 = Debug|Any CPU
		{5CDB46FF-0D4A-40D2-B316-8A3C7F116285}.Release|Any CPU.ActiveCfg = Release|Any CPU
		{5CDB46FF-0D4A-40D2-B316-8A3C7F116285}.Release|Any CPU.Build.0 = Release|Any CPU
		{5CDB46FF-0D4A-40D2-B316-8A3C7F116285}.Release|x64.ActiveCfg = Release|Any CPU
		{5CDB46FF-0D4A-40D2-B316-8A3C7F116285}.Release|x64.Build.0 = Release|Any CPU
		{5CDB46FF-0D4A-40D2-B316-8A3C7F116285}.Release|x86.ActiveCfg = Release|Any CPU
		{5CDB46FF-0D4A-40D2-B316-8A3C7F116285}.Release|x86.Build.0 = Release|Any CPU
	EndGlobalSection
	GlobalSection(SolutionProperties) = preSolution
		HideSolutionNode = FALSE
	EndGlobalSection
EndGlobal
